
Microsoft Visual Studio Solution File, Format Version 12.00
# Visual Studio Version 16
VisualStudioVersion = 16.0.29509.3
MinimumVisualStudioVersion = 10.0.40219.1
Project("{FAE04EC0-301F-11D3-BF4B-00C04F79EFBC}") = "Sakila", "Sakila\Sakila.csproj", "{C6C440C7-7728-4798-943F-5ED153FA6796}"
EndProject
Global
	GlobalSection(SolutionConfigurationPlatforms) = preSolution
		Debug|Any CPU = Debug|Any CPU
		Release|Any CPU = Release|Any CPU
	EndGlobalSection
	GlobalSection(ProjectConfigurationPlatforms) = postSolution
		{C6C440C7-7728-4798-943F-5ED153FA6796}.Debug|Any CPU.ActiveCfg = Debug|Any CPU
		{C6C440C7-7728-4798-943F-5ED153FA6796}.Debug|Any CPU.Build.0 = Debug|Any CPU
		{C6C440C7-7728-4798-943F-5ED153FA6796}.Release|Any CPU.ActiveCfg = Release|Any CPU
		{C6C440C7-7728-4798-943F-5ED153FA6796}.Release|Any CPU.Build.0 = Release|Any CPU
	EndGlobalSection
	GlobalSection(SolutionProperties) = preSolution
		HideSolutionNode = FALSE
	EndGlobalSection
	GlobalSection(ExtensibilityGlobals) = postSolution
		SolutionGuid = {0F768D23-4658-4628-913D-631F3248B99E}
	EndGlobalSection
EndGlobal
